
Microsoft Visual Studio Solution File, Format Version 12.00
# Visual Studio 15
VisualStudioVersion = 15.0.28010.2016
MinimumVisualStudioVersion = 10.0.40219.1
Project("{FAE04EC0-301F-11D3-BF4B-00C04F79EFBC}") = "NMS_POS", "NMS_POS\NMS_POS.csproj", "{F640E717-902B-4D86-89C5-F29FEFD4B32C}"
EndProject
Global
	GlobalSection(SolutionConfigurationPlatforms) = preSolution
		Debug|Any CPU = Debug|Any CPU
		Release|Any CPU = Release|Any CPU
	EndGlobalSection
	GlobalSection(ProjectConfigurationPlatforms) = postSolution
		{F640E717-902B-4D86-89C5-F29FEFD4B32C}.Debug|Any CPU.ActiveCfg = Debug|Any CPU
		{F640E717-902B-4D86-89C5-F29FEFD4B32C}.Debug|Any CPU.Build.0 = Debug|Any CPU
		{F640E717-902B-4D86-89C5-F29FEFD4B32C}.Release|Any CPU.ActiveCfg = Release|Any CPU
		{F640E717-902B-4D86-89C5-F29FEFD4B32C}.Release|Any CPU.Build.0 = Release|Any CPU
	EndGlobalSection
	GlobalSection(SolutionProperties) = preSolution
		HideSolutionNode = FALSE
	EndGlobalSection
	GlobalSection(ExtensibilityGlobals) = postSolution
		SolutionGuid = {AD299FB7-6DF6-4FD6-B7FC-C78BF2E6535D}
	EndGlobalSection
EndGlobal
